
Microsoft Visual Studio Solution File, Format Version 12.00
# Visual Studio Version 17
VisualStudioVersion = 17.5.33414.496
MinimumVisualStudioVersion = 10.0.40219.1
Project("{FAE04EC0-301F-11D3-BF4B-00C04F79EFBC}") = "InversorDeString", "InversorDeString\InversorDeString.csproj", "{55476C40-195E-44A5-AF12-D951B742023B}"
EndProject
Global
	GlobalSection(SolutionConfigurationPlatforms) = preSolution
		Debug|Any CPU = Debug|Any CPU
		Release|Any CPU = Release|Any CPU
	EndGlobalSection
	GlobalSection(ProjectConfigurationPlatforms) = postSolution
		{55476C40-195E-44A5-AF12-D951B742023B}.Debug|Any CPU.ActiveCfg = Debug|Any CPU
		{55476C40-195E-44A5-AF12-D951B742023B}.Debug|Any CPU.Build.0 = Debug|Any CPU
		{55476C40-195E-44A5-AF12-D951B742023B}.Release|Any CPU.ActiveCfg = Release|Any CPU
		{55476C40-195E-44A5-AF12-D951B742023B}.Release|Any CPU.Build.0 = Release|Any CPU
	EndGlobalSection
	GlobalSection(SolutionProperties) = preSolution
		HideSolutionNode = FALSE
	EndGlobalSection
	GlobalSection(ExtensibilityGlobals) = postSolution
		SolutionGuid = {4B2794C9-E4FD-4E28-9815-2F3FA9F7ABE0}
	EndGlobalSection
EndGlobal
