
Microsoft Visual Studio Solution File, Format Version 12.00
# Visual Studio Version 17
VisualStudioVersion = 17.5.33414.496
MinimumVisualStudioVersion = 10.0.40219.1
Project("{FAE04EC0-301F-11D3-BF4B-00C04F79EFBC}") = "Fibonacci", "Fibonacci\Fibonacci.csproj", "{F0B076B1-6C65-48BC-BB4C-8AAE68588D69}"
EndProject
Global
	GlobalSection(SolutionConfigurationPlatforms) = preSolution
		Debug|Any CPU = Debug|Any CPU
		Release|Any CPU = Release|Any CPU
	EndGlobalSection
	GlobalSection(ProjectConfigurationPlatforms) = postSolution
		{F0B076B1-6C65-48BC-BB4C-8AAE68588D69}.Debug|Any CPU.ActiveCfg = Debug|Any CPU
		{F0B076B1-6C65-48BC-BB4C-8AAE68588D69}.Debug|Any CPU.Build.0 = Debug|Any CPU
		{F0B076B1-6C65-48BC-BB4C-8AAE68588D69}.Release|Any CPU.ActiveCfg = Release|Any CPU
		{F0B076B1-6C65-48BC-BB4C-8AAE68588D69}.Release|Any CPU.Build.0 = Release|Any CPU
	EndGlobalSection
	GlobalSection(SolutionProperties) = preSolution
		HideSolutionNode = FALSE
	EndGlobalSection
	GlobalSection(ExtensibilityGlobals) = postSolution
		SolutionGuid = {84B46E15-2803-4599-BBB1-75218F40BE63}
	EndGlobalSection
EndGlobal
